schema: '2.0'
stages:
  prepare:
    cmd: python src/prepare.py
    deps:
    - path: data/raw/iris.csv
      hash: md5
      md5: 42615765a885ddf54427f12c34a0a070
      size: 4551
    - path: src/prepare.py
      hash: md5
      md5: 24f7cfaeab63d703a7ba160f36722a3f
      size: 554
    outs:
    - path: data/processed/processed.csv
      hash: md5
      md5: 172d608fee82f7862447d1e19e9b861a
      size: 13915
  train:
    cmd: python src/train.py
    deps:
    - path: data/processed/processed.csv
      hash: md5
      md5: 172d608fee82f7862447d1e19e9b861a
      size: 13915
    - path: src/train.py
      hash: md5
      md5: 39bfc894460300a97f030be7b38830b6
      size: 1439
    outs:
    - path: model/model.pkl
      hash: md5
      md5: c7be580b970c80c2153ab88df54b6566
      size: 1423
